
Microsoft Visual Studio Solution File, Format Version 12.00
# Visual Studio Version 17
VisualStudioVersion = 17.1.32328.378
MinimumVisualStudioVersion = 10.0.40219.1
Project("{FAE04EC0-301F-11D3-BF4B-00C04F79EFBC}") = "NoteBook_ASP", "NoteBook_ASP\NoteBook_ASP.csproj", "{9943D809-1927-4693-9B3D-9126EDF68FDF}"
EndProject
Global
	GlobalSection(SolutionConfigurationPlatforms) = preSolution
		Debug|Any CPU = Debug|Any CPU
		Release|Any CPU = Release|Any CPU
	EndGlobalSection
	GlobalSection(ProjectConfigurationPlatforms) = postSolution
		{9943D809-1927-4693-9B3D-9126EDF68FDF}.Debug|Any CPU.ActiveCfg = Debug|Any CPU
		{9943D809-1927-4693-9B3D-9126EDF68FDF}.Debug|Any CPU.Build.0 = Debug|Any CPU
		{9943D809-1927-4693-9B3D-9126EDF68FDF}.Release|Any CPU.ActiveCfg = Release|Any CPU
		{9943D809-1927-4693-9B3D-9126EDF68FDF}.Release|Any CPU.Build.0 = Release|Any CPU
	EndGlobalSection
	GlobalSection(SolutionProperties) = preSolution
		HideSolutionNode = FALSE
	EndGlobalSection
	GlobalSection(ExtensibilityGlobals) = postSolution
		SolutionGuid = {82E3786B-678D-4047-8C94-B1701F0E5719}
	EndGlobalSection
EndGlobal
